
Microsoft Visual Studio Solution File, Format Version 12.00
# Visual Studio Version 16
VisualStudioVersion = 16.0.32106.194
MinimumVisualStudioVersion = 10.0.40219.1
Project("{FAE04EC0-301F-11D3-BF4B-00C04F79EFBC}") = "RockPaperScissors", "RockPaperScissors\RockPaperScissors.csproj", "{15259D9D-C186-459E-85A8-273D3447ECD2}"
EndProject
Project("{FAE04EC0-301F-11D3-BF4B-00C04F79EFBC}") = "RockPaperScissors1", "RockPaperScissors1\RockPaperScissors1.csproj", "{3C37B6A9-D376-4E46-A68A-2F38D1865241}"
EndProject
Project("{FAE04EC0-301F-11D3-BF4B-00C04F79EFBC}") = "RockPaperScissors2", "RockPaperScissors2\RockPaperScissors2.csproj", "{86C70614-C27E-453A-8DD7-86D958B42C98}"
EndProject
Global
	GlobalSection(SolutionConfigurationPlatforms) = preSolution
		Debug|Any CPU = Debug|Any CPU
		Release|Any CPU = Release|Any CPU
	EndGlobalSection
	GlobalSection(ProjectConfigurationPlatforms) = postSolution
		{15259D9D-C186-459E-85A8-273D3447ECD2}.Debug|Any CPU.ActiveCfg = Debug|Any CPU
		{15259D9D-C186-459E-85A8-273D3447ECD2}.Debug|Any CPU.Build.0 = Debug|Any CPU
		{15259D9D-C186-459E-85A8-273D3447ECD2}.Release|Any CPU.ActiveCfg = Release|Any CPU
		{15259D9D-C186-459E-85A8-273D3447ECD2}.Release|Any CPU.Build.0 = Release|Any CPU
		{3C37B6A9-D376-4E46-A68A-2F38D1865241}.Debug|Any CPU.ActiveCfg = Debug|Any CPU
		{3C37B6A9-D376-4E46-A68A-2F38D1865241}.Debug|Any CPU.Build.0 = Debug|Any CPU
		{3C37B6A9-D376-4E46-A68A-2F38D1865241}.Release|Any CPU.ActiveCfg = Release|Any CPU
		{3C37B6A9-D376-4E46-A68A-2F38D1865241}.Release|Any CPU.Build.0 = Release|Any CPU
		{86C70614-C27E-453A-8DD7-86D958B42C98}.Debug|Any CPU.ActiveCfg = Debug|Any CPU
		{86C70614-C27E-453A-8DD7-86D958B42C98}.Debug|Any CPU.Build.0 = Debug|Any CPU
		{86C70614-C27E-453A-8DD7-86D958B42C98}.Release|Any CPU.ActiveCfg = Release|Any CPU
		{86C70614-C27E-453A-8DD7-86D958B42C98}.Release|Any CPU.Build.0 = Release|Any CPU
	EndGlobalSection
	GlobalSection(SolutionProperties) = preSolution
		HideSolutionNode = FALSE
	EndGlobalSection
	GlobalSection(ExtensibilityGlobals) = postSolution
		SolutionGuid = {D0319566-2F91-4746-8FF6-681595AEEBC6}
	EndGlobalSection
EndGlobal
